
Microsoft Visual Studio Solution File, Format Version 12.00
# Visual Studio 15
VisualStudioVersion = 15.0.27703.1
MinimumVisualStudioVersion = 10.0.40219.1
Project("{9A19103F-16F7-4668-BE54-9A1E7A4F7556}") = "Lucky.Web", "Lucky.Web\Lucky.Web.csproj", "{B7BC3B9C-B052-4328-A400-DE542F89DE01}"
EndProject
Project("{FAE04EC0-301F-11D3-BF4B-00C04F79EFBC}") = "Lucky.Domain", "Lucky.Domain\Lucky.Domain.csproj", "{AB79C2BA-FAAB-4ADC-9629-24F30005E84F}"
EndProject
Project("{FAE04EC0-301F-11D3-BF4B-00C04F79EFBC}") = "Lucky.Service", "Lucky.Service\Lucky.Service.csproj", "{468CDA05-33B3-4A88-A82D-D59E121CA2C0}"
EndProject
Project("{FAE04EC0-301F-11D3-BF4B-00C04F79EFBC}") = "Lucky.Core", "Lucky.Core\Lucky.Core.csproj", "{CF1CD38C-2777-4AC5-8412-E47277EB680D}"
EndProject
Global
	GlobalSection(SolutionConfigurationPlatforms) = preSolution
		Debug|Any CPU = Debug|Any CPU
		Release|Any CPU = Release|Any CPU
	EndGlobalSection
	GlobalSection(ProjectConfigurationPlatforms) = postSolution
		{B7BC3B9C-B052-4328-A400-DE542F89DE01}.Debug|Any CPU.ActiveCfg = Debug|Any CPU
		{B7BC3B9C-B052-4328-A400-DE542F89DE01}.Debug|Any CPU.Build.0 = Debug|Any CPU
		{B7BC3B9C-B052-4328-A400-DE542F89DE01}.Release|Any CPU.ActiveCfg = Release|Any CPU
		{B7BC3B9C-B052-4328-A400-DE542F89DE01}.Release|Any CPU.Build.0 = Release|Any CPU
		{AB79C2BA-FAAB-4ADC-9629-24F30005E84F}.Debug|Any CPU.ActiveCfg = Debug|Any CPU
		{AB79C2BA-FAAB-4ADC-9629-24F30005E84F}.Debug|Any CPU.Build.0 = Debug|Any CPU
		{AB79C2BA-FAAB-4ADC-9629-24F30005E84F}.Release|Any CPU.ActiveCfg = Release|Any CPU
		{AB79C2BA-FAAB-4ADC-9629-24F30005E84F}.Release|Any CPU.Build.0 = Release|Any CPU
		{468CDA05-33B3-4A88-A82D-D59E121CA2C0}.Debug|Any CPU.ActiveCfg = Debug|Any CPU
		{468CDA05-33B3-4A88-A82D-D59E121CA2C0}.Debug|Any CPU.Build.0 = Debug|Any CPU
		{468CDA05-33B3-4A88-A82D-D59E121CA2C0}.Release|Any CPU.ActiveCfg = Release|Any CPU
		{468CDA05-33B3-4A88-A82D-D59E121CA2C0}.Release|Any CPU.Build.0 = Release|Any CPU
		{CF1CD38C-2777-4AC5-8412-E47277EB680D}.Debug|Any CPU.ActiveCfg = Debug|Any CPU
		{CF1CD38C-2777-4AC5-8412-E47277EB680D}.Debug|Any CPU.Build.0 = Debug|Any CPU
		{CF1CD38C-2777-4AC5-8412-E47277EB680D}.Release|Any CPU.ActiveCfg = Release|Any CPU
		{CF1CD38C-2777-4AC5-8412-E47277EB680D}.Release|Any CPU.Build.0 = Release|Any CPU
	EndGlobalSection
	GlobalSection(SolutionProperties) = preSolution
		HideSolutionNode = FALSE
	EndGlobalSection
	GlobalSection(ExtensibilityGlobals) = postSolution
		SolutionGuid = {BE055A52-263F-4672-A106-C8F271CCE9E3}
	EndGlobalSection
EndGlobal
